
Microsoft Visual Studio Solution File, Format Version 12.00
# Visual Studio Version 17
VisualStudioVersion = 17.3.32929.385
MinimumVisualStudioVersion = 10.0.40219.1
Project("{FAE04EC0-301F-11D3-BF4B-00C04F79EFBC}") = "StorageQueueOperations", "StorageQueueOperations\StorageQueueOperations.csproj", "{956CC885-5339-42D2-B440-E5E7659C4A24}"
EndProject
Project("{FAE04EC0-301F-11D3-BF4B-00C04F79EFBC}") = "WeatherDataIngestor", "WeatherDataIngestor\WeatherDataIngestor.csproj", "{0D9568B7-76ED-4311-8CEB-B43C2649AD75}"
EndProject
Global
	GlobalSection(SolutionConfigurationPlatforms) = preSolution
		Debug|Any CPU = Debug|Any CPU
		Release|Any CPU = Release|Any CPU
	EndGlobalSection
	GlobalSection(ProjectConfigurationPlatforms) = postSolution
		{956CC885-5339-42D2-B440-E5E7659C4A24}.Debug|Any CPU.ActiveCfg = Debug|Any CPU
		{956CC885-5339-42D2-B440-E5E7659C4A24}.Debug|Any CPU.Build.0 = Debug|Any CPU
		{956CC885-5339-42D2-B440-E5E7659C4A24}.Release|Any CPU.ActiveCfg = Release|Any CPU
		{956CC885-5339-42D2-B440-E5E7659C4A24}.Release|Any CPU.Build.0 = Release|Any CPU
		{0D9568B7-76ED-4311-8CEB-B43C2649AD75}.Debug|Any CPU.ActiveCfg = Debug|Any CPU
		{0D9568B7-76ED-4311-8CEB-B43C2649AD75}.Debug|Any CPU.Build.0 = Debug|Any CPU
		{0D9568B7-76ED-4311-8CEB-B43C2649AD75}.Release|Any CPU.ActiveCfg = Release|Any CPU
		{0D9568B7-76ED-4311-8CEB-B43C2649AD75}.Release|Any CPU.Build.0 = Release|Any CPU
	EndGlobalSection
	GlobalSection(SolutionProperties) = preSolution
		HideSolutionNode = FALSE
	EndGlobalSection
	GlobalSection(ExtensibilityGlobals) = postSolution
		SolutionGuid = {0D14959E-3F25-418D-9596-ADE6674B374D}
	EndGlobalSection
EndGlobal
